
Microsoft Visual Studio Solution File, Format Version 12.00
# Visual Studio Version 16
VisualStudioVersion = 16.0.30907.101
MinimumVisualStudioVersion = 10.0.40219.1
Project("{9A19103F-16F7-4668-BE54-9A1E7A4F7556}") = "DataAccess", "DataAccess\DataAccess.csproj", "{2334B41C-5D20-489B-B303-38C860EF1811}"
EndProject
Project("{9A19103F-16F7-4668-BE54-9A1E7A4F7556}") = "Business", "Business\Business.csproj", "{BB22A56A-A59F-42C6-9964-C5C166BAA5E5}"
EndProject
Project("{9A19103F-16F7-4668-BE54-9A1E7A4F7556}") = "ConsoleUI", "ConsoleUI\ConsoleUI.csproj", "{20EF7298-CEDE-4EAD-8E69-DE2A0AB16DE8}"
EndProject
Project("{9A19103F-16F7-4668-BE54-9A1E7A4F7556}") = "Entities", "Entities\Entities.csproj", "{85A1B663-FCBE-4462-A5DB-A624BCDA2AA6}"
EndProject
Project("{FAE04EC0-301F-11D3-BF4B-00C04F79EFBC}") = "Core", "Core\Core.csproj", "{314196B5-D5C5-45CC-A885-BEFACCCCC6E8}"
EndProject
Global
	GlobalSection(SolutionConfigurationPlatforms) = preSolution
		Debug|Any CPU = Debug|Any CPU
		Release|Any CPU = Release|Any CPU
	EndGlobalSection
	GlobalSection(ProjectConfigurationPlatforms) = postSolution
		{2334B41C-5D20-489B-B303-38C860EF1811}.Debug|Any CPU.ActiveCfg = Debug|Any CPU
		{2334B41C-5D20-489B-B303-38C860EF1811}.Debug|Any CPU.Build.0 = Debug|Any CPU
		{2334B41C-5D20-489B-B303-38C860EF1811}.Release|Any CPU.ActiveCfg = Release|Any CPU
		{2334B41C-5D20-489B-B303-38C860EF1811}.Release|Any CPU.Build.0 = Release|Any CPU
		{BB22A56A-A59F-42C6-9964-C5C166BAA5E5}.Debug|Any CPU.ActiveCfg = Debug|Any CPU
		{BB22A56A-A59F-42C6-9964-C5C166BAA5E5}.Debug|Any CPU.Build.0 = Debug|Any CPU
		{BB22A56A-A59F-42C6-9964-C5C166BAA5E5}.Release|Any CPU.ActiveCfg = Release|Any CPU
		{BB22A56A-A59F-42C6-9964-C5C166BAA5E5}.Release|Any CPU.Build.0 = Release|Any CPU
		{20EF7298-CEDE-4EAD-8E69-DE2A0AB16DE8}.Debug|Any CPU.ActiveCfg = Debug|Any CPU
		{20EF7298-CEDE-4EAD-8E69-DE2A0AB16DE8}.Debug|Any CPU.Build.0 = Debug|Any CPU
		{20EF7298-CEDE-4EAD-8E69-DE2A0AB16DE8}.Release|Any CPU.ActiveCfg = Release|Any CPU
		{20EF7298-CEDE-4EAD-8E69-DE2A0AB16DE8}.Release|Any CPU.Build.0 = Release|Any CPU
		{85A1B663-FCBE-4462-A5DB-A624BCDA2AA6}.Debug|Any CPU.ActiveCfg = Debug|Any CPU
		{85A1B663-FCBE-4462-A5DB-A624BCDA2AA6}.Debug|Any CPU.Build.0 = Debug|Any CPU
		{85A1B663-FCBE-4462-A5DB-A624BCDA2AA6}.Release|Any CPU.ActiveCfg = Release|Any CPU
		{85A1B663-FCBE-4462-A5DB-A624BCDA2AA6}.Release|Any CPU.Build.0 = Release|Any CPU
		{314196B5-D5C5-45CC-A885-BEFACCCCC6E8}.Debug|Any CPU.ActiveCfg = Debug|Any CPU
		{314196B5-D5C5-45CC-A885-BEFACCCCC6E8}.Debug|Any CPU.Build.0 = Debug|Any CPU
		{314196B5-D5C5-45CC-A885-BEFACCCCC6E8}.Release|Any CPU.ActiveCfg = Release|Any CPU
		{314196B5-D5C5-45CC-A885-BEFACCCCC6E8}.Release|Any CPU.Build.0 = Release|Any CPU
	EndGlobalSection
	GlobalSection(SolutionProperties) = preSolution
		HideSolutionNode = FALSE
	EndGlobalSection
	GlobalSection(ExtensibilityGlobals) = postSolution
		SolutionGuid = {A73967EB-A765-4540-A757-666EC76DC94A}
	EndGlobalSection
EndGlobal
